PODS:
  - HeroArchitecture (0.4.3)
  - MBProgressHUD (1.0.0)
  - Realm (2.10.2):
    - Realm/Headers (= 2.10.2)
  - Realm/Headers (2.10.2)

DEPENDENCIES:
  - HeroArchitecture (from `../`)
  - MBProgressHUD
  - Realm

EXTERNAL SOURCES:
  HeroArchitecture:
    :path: ../

SPEC CHECKSUMS:
  HeroArchitecture: f3c855b3c2a507f9167f8a2730a33e59e0511720
  MBProgressHUD: 4890f671c94e8a0f3cf959aa731e9de2f036d71a
  Realm: 0ef72b837fb67e9f4b098bac771ddd72c7fdbb69

PODFILE CHECKSUM: 7f0c400043ef5012c27450ee4cc5ea69da9bc001

COCOAPODS: 1.4.0
